// !$*UTF8*$!
{
	archiveVersion = 1;
	classes = {
	};
	objectVersion = 48;
	objects = {

/* Begin PBXBuildFile section */
		4C16E6BB20ADF1910002A0B8 /* AppDelegate.swift in Sources */ = {isa = PBXBuildFile; fileRef = 4C16E6BA20ADF1910002A0B8 /* AppDelegate.swift */; };
		4C16E6BD20ADF1910002A0B8 /* ViewController.swift in Sources */ = {isa = PBXBuildFile; fileRef = 4C16E6BC20ADF1910002A0B8 /* ViewController.swift */; };
		4C16E6C020ADF1910002A0B8 /* Main.storyboard in Resources */ = {isa = PBXBuildFile; fileRef = 4C16E6BE20ADF1910002A0B8 /* Main.storyboard */; };
		4C16E6C220ADF1910002A0B8 /* Assets.xcassets in Resources */ = {isa = PBXBuildFile; fileRef = 4C16E6C120ADF1910002A0B8 /* Assets.xcassets */; };
		4C16E6C520ADF1910002A0B8 /* LaunchScreen.storyboard in Resources */ = {isa = PBXBuildFile; fileRef = 4C16E6C320ADF1910002A0B8 /* LaunchScreen.storyboard */; };
		4C16E6D020ADF1910002A0B8 /* IosCLass_Qiaoyu_LiuTests.swift in Sources */ = {isa = PBXBuildFile; fileRef = 4C16E6CF20ADF1910002A0B8 /* IosCLass_Qiaoyu_LiuTests.swift */; };
		4C16E6DB20ADF1910002A0B8 /* IosCLass_Qiaoyu_LiuUITests.swift in Sources */ = {isa = PBXBuildFile; fileRef = 4C16E6DA20ADF1910002A0B8 /* IosCLass_Qiaoyu_LiuUITests.swift */; };
		4C16E6E920ADF1C30002A0B8 /* MyTableViewController.swift in Sources */ = {isa = PBXBuildFile; fileRef = 4C16E6E820ADF1C30002A0B8 /* MyTableViewController.swift */; };
		4C16E6EB20ADF2240002A0B8 /* Book.swift in Sources */ = {isa = PBXBuildFile; fileRef = 4C16E6EA20ADF2240002A0B8 /* Book.swift */; };
		4C16E6F120ADFD690002A0B8 /* CellController.swift in Sources */ = {isa = PBXBuildFile; fileRef = 4C16E6F020ADFD680002A0B8 /* CellController.swift */; };
		4C36490B20BED10A00637745 /* detailUIVIewController.swift in Sources */ = {isa = PBXBuildFile; fileRef = 4C36490A20BED10A00637745 /* detailUIVIewController.swift */; };
/* End PBXBuildFile section */

/* Begin PBXContainerItemProxy section */
		4C16E6CC20ADF1910002A0B8 /* PBXContainerItemProxy */ = {
			isa = PBXContainerItemProxy;
			containerPortal = 4C16E6AF20ADF1910002A0B8 /* Project object */;
			proxyType = 1;
			remoteGlobalIDString = 4C16E6B620ADF1910002A0B8;
			remoteInfo = IosCLass.Qiaoyu.Liu;
		};
		4C16E6D720ADF1910002A0B8 /* PBXContainerItemProxy */ = {
			isa = PBXContainerItemProxy;
			containerPortal = 4C16E6AF20ADF1910002A0B8 /* Project object */;
			proxyType = 1;
			remoteGlobalIDString = 4C16E6B620ADF1910002A0B8;
			remoteInfo = IosCLass.Qiaoyu.Liu;
		};
/* End PBXContainerItemProxy section */

/* Begin PBXFileReference section */
		4C16E6B720ADF1910002A0B8 /* MyBooks.app */ = {isa = PBXFileReference; explicitFileType = wrapper.application; includeInIndex = 0; path = MyBooks.app; sourceTree = BUILT_PRODUCTS_DIR; };
		4C16E6BA20ADF1910002A0B8 /* AppDelegate.swift */ = {isa = PBXFileReference; lastKnownFileType = sourcecode.swift; path = AppDelegate.swift; sourceTree = "<group>"; };
		4C16E6BC20ADF1910002A0B8 /* ViewController.swift */ = {isa = PBXFileReference; lastKnownFileType = sourcecode.swift; path = ViewController.swift; sourceTree = "<group>"; };
		4C16E6BF20ADF1910002A0B8 /* Base */ = {isa = PBXFileReference; lastKnownFileType = file.storyboard; name = Base; path = Base.lproj/Main.storyboard; sourceTree = "<group>"; };
		4C16E6C120ADF1910002A0B8 /* Assets.xcassets */ = {isa = PBXFileReference; lastKnownFileType = folder.assetcatalog; path = Assets.xcassets; sourceTree = "<group>"; };
		4C16E6C420ADF1910002A0B8 /* Base */ = {isa = PBXFileReference; lastKnownFileType = file.storyboard; name = Base; path = Base.lproj/LaunchScreen.storyboard; sourceTree = "<group>"; };
		4C16E6C620ADF1910002A0B8 /* Info.plist */ = {isa = PBXFileReference; lastKnownFileType = text.plist.xml; path = Info.plist; sourceTree = "<group>"; };
		4C16E6CB20ADF1910002A0B8 /* IosCLass.Qiaoyu.LiuTests.xctest */ = {isa = PBXFileReference; explicitFileType = wrapper.cfbundle; includeInIndex = 0; path = IosCLass.Qiaoyu.LiuTests.xctest; sourceTree = BUILT_PRODUCTS_DIR; };
		4C16E6CF20ADF1910002A0B8 /* IosCLass_Qiaoyu_LiuTests.swift */ = {isa = PBXFileReference; lastKnownFileType = sourcecode.swift; path = IosCLass_Qiaoyu_LiuTests.swift; sourceTree = "<group>"; };
		4C16E6D120ADF1910002A0B8 /* Info.plist */ = {isa = PBXFileReference; lastKnownFileType = text.plist.xml; path = Info.plist; sourceTree = "<group>"; };
		4C16E6D620ADF1910002A0B8 /* IosCLass.Qiaoyu.LiuUITests.xctest */ = {isa = PBXFileReference; explicitFileType = wrapper.cfbundle; includeInIndex = 0; path = IosCLass.Qiaoyu.LiuUITests.xctest; sourceTree = BUILT_PRODUCTS_DIR; };
		4C16E6DA20ADF1910002A0B8 /* IosCLass_Qiaoyu_LiuUITests.swift */ = {isa = PBXFileReference; lastKnownFileType = sourcecode.swift; path = IosCLass_Qiaoyu_LiuUITests.swift; sourceTree = "<group>"; };
		4C16E6DC20ADF1910002A0B8 /* Info.plist */ = {isa = PBXFileReference; lastKnownFileType = text.plist.xml; path = Info.plist; sourceTree = "<group>"; };
		4C16E6E820ADF1C30002A0B8 /* MyTableViewController.swift */ = {isa = PBXFileReference; lastKnownFileType = sourcecode.swift; path = MyTableViewController.swift; sourceTree = "<group>"; };
		4C16E6EA20ADF2240002A0B8 /* Book.swift */ = {isa = PBXFileReference; lastKnownFileType = sourcecode.swift; path = Book.swift; sourceTree = "<group>"; };
		4C16E6F020ADFD680002A0B8 /* CellController.swift */ = {isa = PBXFileReference; fileEncoding = 4; lastKnownFileType = sourcecode.swift; path = CellController.swift; sourceTree = "<group>"; };
		4C36490A20BED10A00637745 /* detailUIVIewController.swift */ = {isa = PBXFileReference; lastKnownFileType = sourcecode.swift; path = detailUIVIewController.swift; sourceTree = "<group>"; };
/* End PBXFileReference section */

/* Begin PBXFrameworksBuildPhase section */
		4C16E6B420ADF1910002A0B8 /* Frameworks */ = {
			isa = PBXFrameworksBuildPhase;
			buildActionMask = 2147483647;
			files = (
			);
			runOnlyForDeploymentPostprocessing = 0;
		};
		4C16E6C820ADF1910002A0B8 /* Frameworks */ = {
			isa = PBXFrameworksBuildPhase;
			buildActionMask = 2147483647;
			files = (
			);
			runOnlyForDeploymentPostprocessing = 0;
		};
		4C16E6D320ADF1910002A0B8 /* Frameworks */ = {
			isa = PBXFrameworksBuildPhase;
			buildActionMask = 2147483647;
			files = (
			);
			runOnlyForDeploymentPostprocessing = 0;
		};
/* End PBXFrameworksBuildPhase section */

/* Begin PBXGroup section */
		4C16E6AE20ADF1910002A0B8 = {
			isa = PBXGroup;
			children = (
				4C16E6B920ADF1910002A0B8 /* IosCLass.Qiaoyu.Liu */,
				4C16E6CE20ADF1910002A0B8 /* IosCLass.Qiaoyu.LiuTests */,
				4C16E6D920ADF1910002A0B8 /* IosCLass.Qiaoyu.LiuUITests */,
				4C16E6B820ADF1910002A0B8 /* Products */,
			);
			sourceTree = "<group>";
		};
		4C16E6B820ADF1910002A0B8 /* Products */ = {
			isa = PBXGroup;
			children = (
				4C16E6B720ADF1910002A0B8 /* MyBooks.app */,
				4C16E6CB20ADF1910002A0B8 /* IosCLass.Qiaoyu.LiuTests.xctest */,
				4C16E6D620ADF1910002A0B8 /* IosCLass.Qiaoyu.LiuUITests.xctest */,
			);
			name = Products;
			sourceTree = "<group>";
		};
		4C16E6B920ADF1910002A0B8 /* IosCLass.Qiaoyu.Liu */ = {
			isa = PBXGroup;
			children = (
				4C16E6F020ADFD680002A0B8 /* CellController.swift */,
				4C16E6E820ADF1C30002A0B8 /* MyTableViewController.swift */,
				4C16E6BA20ADF1910002A0B8 /* AppDelegate.swift */,
				4C16E6BC20ADF1910002A0B8 /* ViewController.swift */,
				4C16E6BE20ADF1910002A0B8 /* Main.storyboard */,
				4C16E6C120ADF1910002A0B8 /* Assets.xcassets */,
				4C16E6C320ADF1910002A0B8 /* LaunchScreen.storyboard */,
				4C16E6C620ADF1910002A0B8 /* Info.plist */,
				4C16E6EA20ADF2240002A0B8 /* Book.swift */,
				4C36490A20BED10A00637745 /* detailUIVIewController.swift */,
			);
			path = IosCLass.Qiaoyu.Liu;
			sourceTree = "<group>";
		};
		4C16E6CE20ADF1910002A0B8 /* IosCLass.Qiaoyu.LiuTests */ = {
			isa = PBXGroup;
			children = (
				4C16E6CF20ADF1910002A0B8 /* IosCLass_Qiaoyu_LiuTests.swift */,
				4C16E6D120ADF1910002A0B8 /* Info.plist */,
			);
			path = IosCLass.Qiaoyu.LiuTests;
			sourceTree = "<group>";
		};
		4C16E6D920ADF1910002A0B8 /* IosCLass.Qiaoyu.LiuUITests */ = {
			isa = PBXGroup;
			children = (
				4C16E6DA20ADF1910002A0B8 /* IosCLass_Qiaoyu_LiuUITests.swift */,
				4C16E6DC20ADF1910002A0B8 /* Info.plist */,
			);
			path = IosCLass.Qiaoyu.LiuUITests;
			sourceTree = "<group>";
		};
/* End PBXGroup section */

/* Begin PBXNativeTarget section */
		4C16E6B620ADF1910002A0B8 /* IosCLass.Qiaoyu.Liu */ = {
			isa = PBXNativeTarget;
			buildConfigurationList = 4C16E6DF20ADF1910002A0B8 /* Build configuration list for PBXNativeTarget "IosCLass.Qiaoyu.Liu" */;
			buildPhases = (
				4C16E6B320ADF1910002A0B8 /* Sources */,
				4C16E6B420ADF1910002A0B8 /* Frameworks */,
				4C16E6B520ADF1910002A0B8 /* Resources */,
			);
			buildRules = (
			);
			dependencies = (
			);
			name = IosCLass.Qiaoyu.Liu;
			productName = IosCLass.Qiaoyu.Liu;
			productReference = 4C16E6B720ADF1910002A0B8 /* MyBooks.app */;
			productType = "com.apple.product-type.application";
		};
		4C16E6CA20ADF1910002A0B8 /* IosCLass.Qiaoyu.LiuTests */ = {
			isa = PBXNativeTarget;
			buildConfigurationList = 4C16E6E220ADF1910002A0B8 /* Build configuration list for PBXNativeTarget "IosCLass.Qiaoyu.LiuTests" */;
			buildPhases = (
				4C16E6C720ADF1910002A0B8 /* Sources */,
				4C16E6C820ADF1910002A0B8 /* Frameworks */,
				4C16E6C920ADF1910002A0B8 /* Resources */,
			);
			buildRules = (
			);
			dependencies = (
				4C16E6CD20ADF1910002A0B8 /* PBXTargetDependency */,
			);
			name = IosCLass.Qiaoyu.LiuTests;
			productName = IosCLass.Qiaoyu.LiuTests;
			productReference = 4C16E6CB20ADF1910002A0B8 /* IosCLass.Qiaoyu.LiuTests.xctest */;
			productType = "com.apple.product-type.bundle.unit-test";
		};
		4C16E6D520ADF1910002A0B8 /* IosCLass.Qiaoyu.LiuUITests */ = {
			isa = PBXNativeTarget;
			buildConfigurationList = 4C16E6E520ADF1910002A0B8 /* Build configuration list for PBXNativeTarget "IosCLass.Qiaoyu.LiuUITests" */;
			buildPhases = (
				4C16E6D220ADF1910002A0B8 /* Sources */,
				4C16E6D320ADF1910002A0B8 /* Frameworks */,
				4C16E6D420ADF1910002A0B8 /* Resources */,
			);
			buildRules = (
			);
			dependencies = (
				4C16E6D820ADF1910002A0B8 /* PBXTargetDependency */,
			);
			name = IosCLass.Qiaoyu.LiuUITests;
			productName = IosCLass.Qiaoyu.LiuUITests;
			productReference = 4C16E6D620ADF1910002A0B8 /* IosCLass.Qiaoyu.LiuUITests.xctest */;
			productType = "com.apple.product-type.bundle.ui-testing";
		};
/* End PBXNativeTarget section */

/* Begin PBXProject section */
		4C16E6AF20ADF1910002A0B8 /* Project object */ = {
			isa = PBXProject;
			attributes = {
				LastSwiftUpdateCheck = 0920;
				LastUpgradeCheck = 0920;
				ORGANIZATIONNAME = epita;
				TargetAttributes = {
					4C16E6B620ADF1910002A0B8 = {
						CreatedOnToolsVersion = 9.2;
						ProvisioningStyle = Manual;
					};
					4C16E6CA20ADF1910002A0B8 = {
						CreatedOnToolsVersion = 9.2;
						ProvisioningStyle = Automatic;
						TestTargetID = 4C16E6B620ADF1910002A0B8;
					};
					4C16E6D520ADF1910002A0B8 = {
						CreatedOnToolsVersion = 9.2;
						ProvisioningStyle = Automatic;
						TestTargetID = 4C16E6B620ADF1910002A0B8;
					};
				};
			};
			buildConfigurationList = 4C16E6B220ADF1910002A0B8 /* Build configuration list for PBXProject "IosCLass.Qiaoyu.Liu" */;
			compatibilityVersion = "Xcode 8.0";
			developmentRegion = en;
			hasScannedForEncodings = 0;
			knownRegions = (
				en,
				Base,
			);
			mainGroup = 4C16E6AE20ADF1910002A0B8;
			productRefGroup = 4C16E6B820ADF1910002A0B8 /* Products */;
			projectDirPath = "";
			projectRoot = "";
			targets = (
				4C16E6B620ADF1910002A0B8 /* IosCLass.Qiaoyu.Liu */,
				4C16E6CA20ADF1910002A0B8 /* IosCLass.Qiaoyu.LiuTests */,
				4C16E6D520ADF1910002A0B8 /* IosCLass.Qiaoyu.LiuUITests */,
			);
		};
/* End PBXProject section */

/* Begin PBXResourcesBuildPhase section */
		4C16E6B520ADF1910002A0B8 /* Resources */ = {
			isa = PBXResourcesBuildPhase;
			buildActionMask = 2147483647;
			files = (
				4C16E6C520ADF1910002A0B8 /* LaunchScreen.storyboard in Resources */,
				4C16E6C220ADF1910002A0B8 /* Assets.xcassets in Resources */,
				4C16E6C020ADF1910002A0B8 /* Main.storyboard in Resources */,
			);
			runOnlyForDeploymentPostprocessing = 0;
		};
		4C16E6C920ADF1910002A0B8 /* Resources */ = {
			isa = PBXResourcesBuildPhase;
			buildActionMask = 2147483647;
			files = (
			);
			runOnlyForDeploymentPostprocessing = 0;
		};
		4C16E6D420ADF1910002A0B8 /* Resources */ = {
			isa = PBXResourcesBuildPhase;
			buildActionMask = 2147483647;
			files = (
			);
			runOnlyForDeploymentPostprocessing = 0;
		};
/* End PBXResourcesBuildPhase section */

/* Begin PBXSourcesBuildPhase section */
		4C16E6B320ADF1910002A0B8 /* Sources */ = {
			isa = PBXSourcesBuildPhase;
			buildActionMask = 2147483647;
			files = (
				4C16E6EB20ADF2240002A0B8 /* Book.swift in Sources */,
				4C16E6BD20ADF1910002A0B8 /* ViewController.swift in Sources */,
				4C16E6E920ADF1C30002A0B8 /* MyTableViewController.swift in Sources */,
				4C36490B20BED10A00637745 /* detailUIVIewController.swift in Sources */,
				4C16E6BB20ADF1910002A0B8 /* AppDelegate.swift in Sources */,
				4C16E6F120ADFD690002A0B8 /* CellController.swift in Sources */,
			);
			runOnlyForDeploymentPostprocessing = 0;
		};
		4C16E6C720ADF1910002A0B8 /* Sources */ = {
			isa = PBXSourcesBuildPhase;
			buildActionMask = 2147483647;
			files = (
				4C16E6D020ADF1910002A0B8 /* IosCLass_Qiaoyu_LiuTests.swift in Sources */,
			);
			runOnlyForDeploymentPostprocessing = 0;
		};
		4C16E6D220ADF1910002A0B8 /* Sources */ = {
			isa = PBXSourcesBuildPhase;
			buildActionMask = 2147483647;
			files = (
				4C16E6DB20ADF1910002A0B8 /* IosCLass_Qiaoyu_LiuUITests.swift in Sources */,
			);
			runOnlyForDeploymentPostprocessing = 0;
		};
/* End PBXSourcesBuildPhase section */

/* Begin PBXTargetDependency section */
		4C16E6CD20ADF1910002A0B8 /* PBXTargetDependency */ = {
			isa = PBXTargetDependency;
			target = 4C16E6B620ADF1910002A0B8 /* IosCLass.Qiaoyu.Liu */;
			targetProxy = 4C16E6CC20ADF1910002A0B8 /* PBXContainerItemProxy */;
		};
		4C16E6D820ADF1910002A0B8 /* PBXTargetDependency */ = {
			isa = PBXTargetDependency;
			target = 4C16E6B620ADF1910002A0B8 /* IosCLass.Qiaoyu.Liu */;
			targetProxy = 4C16E6D720ADF1910002A0B8 /* PBXContainerItemProxy */;
		};
/* End PBXTargetDependency section */

/* Begin PBXVariantGroup section */
		4C16E6BE20ADF1910002A0B8 /* Main.storyboard */ = {
			isa = PBXVariantGroup;
			children = (
				4C16E6BF20ADF1910002A0B8 /* Base */,
			);
			name = Main.storyboard;
			sourceTree = "<group>";
		};
		4C16E6C320ADF1910002A0B8 /* LaunchScreen.storyboard */ = {
			isa = PBXVariantGroup;
			children = (
				4C16E6C420ADF1910002A0B8 /* Base */,
			);
			name = LaunchScreen.storyboard;
			sourceTree = "<group>";
		};
/* End PBXVariantGroup section */

/* Begin XCBuildConfiguration section */
		4C16E6DD20ADF1910002A0B8 /* Debug */ = {
			isa = XCBuildConfiguration;
			buildSettings = {
				ALWAYS_SEARCH_USER_PATHS = NO;
				CLANG_ANALYZER_NONNULL = YES;
				CLANG_ANALYZER_NUMBER_OBJECT_CONVERSION = YES_AGGRESSIVE;
				CLANG_CXX_LANGUAGE_STANDARD = "gnu++14";
				CLANG_CXX_LIBRARY = "libc++";
				CLANG_ENABLE_MODULES = YES;
				CLANG_ENABLE_OBJC_ARC = YES;
				CLANG_WARN_BLOCK_CAPTURE_AUTORELEASING = YES;
				CLANG_WARN_BOOL_CONVERSION = YES;
				CLANG_WARN_COMMA = YES;
				CLANG_WARN_CONSTANT_CONVERSION = YES;
				CLANG_WARN_DIRECT_OBJC_ISA_USAGE = YES_ERROR;
				CLANG_WARN_DOCUMENTATION_COMMENTS = YES;
				CLANG_WARN_EMPTY_BODY = YES;
				CLANG_WARN_ENUM_CONVERSION = YES;
				CLANG_WARN_INFINITE_RECURSION = YES;
				CLANG_WARN_INT_CONVERSION = YES;
				CLANG_WARN_NON_LITERAL_NULL_CONVERSION = YES;
				CLANG_WARN_OBJC_LITERAL_CONVERSION = YES;
				CLANG_WARN_OBJC_ROOT_CLASS = YES_ERROR;
				CLANG_WARN_RANGE_LOOP_ANALYSIS = YES;
				CLANG_WARN_STRICT_PROTOTYPES = YES;
				CLANG_WARN_SUSPICIOUS_MOVE = YES;
				CLANG_WARN_UNGUARDED_AVAILABILITY = YES_AGGRESSIVE;
				CLANG_WARN_UNREACHABLE_CODE = YES;
				CLANG_WARN__DUPLICATE_METHOD_MATCH = YES;
				CODE_SIGN_IDENTITY = "iPhone Developer";
				COPY_PHASE_STRIP = NO;
				DEBUG_INFORMATION_FORMAT = dwarf;
				ENABLE_STRICT_OBJC_MSGSEND = YES;
				ENABLE_TESTABILITY = YES;
				GCC_C_LANGUAGE_STANDARD = gnu11;
				GCC_DYNAMIC_NO_PIC = NO;
				GCC_NO_COMMON_BLOCKS = YES;
				GCC_OPTIMIZATION_LEVEL = 0;
				GCC_PREPROCESSOR_DEFINITIONS = (
					"DEBUG=1",
					"$(inherited)",
				);
				GCC_WARN_64_TO_32_BIT_CONVERSION = YES;
				GCC_WARN_ABOUT_RETURN_TYPE = YES_ERROR;
				GCC_WARN_UNDECLARED_SELECTOR = YES;
				GCC_WARN_UNINITIALIZED_AUTOS = YES_AGGRESSIVE;
				GCC_WARN_UNUSED_FUNCTION = YES;
				GCC_WARN_UNUSED_VARIABLE = YES;
				IPHONEOS_DEPLOYMENT_TARGET = 11.2;
				MTL_ENABLE_DEBUG_INFO = YES;
				ONLY_ACTIVE_ARCH = YES;
				SDKROOT = iphoneos;
				SWIFT_ACTIVE_COMPILATION_CONDITIONS = DEBUG;
				SWIFT_OPTIMIZATION_LEVEL = "-Onone";
			};
			name = Debug;
		};
		4C16E6DE20ADF1910002A0B8 /* Release */ = {
			isa = XCBuildConfiguration;
			buildSettings = {
				ALWAYS_SEARCH_USER_PATHS = NO;
				CLANG_ANALYZER_NONNULL = YES;
				CLANG_ANALYZER_NUMBER_OBJECT_CONVERSION = YES_AGGRESSIVE;
				CLANG_CXX_LANGUAGE_STANDARD = "gnu++14";
				CLANG_CXX_LIBRARY = "libc++";
				CLANG_ENABLE_MODULES = YES;
				CLANG_ENABLE_OBJC_ARC = YES;
				CLANG_WARN_BLOCK_CAPTURE_AUTORELEASING = YES;
				CLANG_WARN_BOOL_CONVERSION = YES;
				CLANG_WARN_COMMA = YES;
				CLANG_WARN_CONSTANT_CONVERSION = YES;
				CLANG_WARN_DIRECT_OBJC_ISA_USAGE = YES_ERROR;
				CLANG_WARN_DOCUMENTATION_COMMENTS = YES;
				CLANG_WARN_EMPTY_BODY = YES;
				CLANG_WARN_ENUM_CONVERSION = YES;
				CLANG_WARN_INFINITE_RECURSION = YES;
				CLANG_WARN_INT_CONVERSION = YES;
				CLANG_WARN_NON_LITERAL_NULL_CONVERSION = YES;
				CLANG_WARN_OBJC_LITERAL_CONVERSION = YES;
				CLANG_WARN_OBJC_ROOT_CLASS = YES_ERROR;
				CLANG_WARN_RANGE_LOOP_ANALYSIS = YES;
				CLANG_WARN_STRICT_PROTOTYPES = YES;
				CLANG_WARN_SUSPICIOUS_MOVE = YES;
				CLANG_WARN_UNGUARDED_AVAILABILITY = YES_AGGRESSIVE;
				CLANG_WARN_UNREACHABLE_CODE = YES;
				CLANG_WARN__DUPLICATE_METHOD_MATCH = YES;
				CODE_SIGN_IDENTITY = "iPhone Developer";
				COPY_PHASE_STRIP = NO;
				DEBUG_INFORMATION_FORMAT = "dwarf-with-dsym";
				ENABLE_NS_ASSERTIONS = NO;
				ENABLE_STRICT_OBJC_MSGSEND = YES;
				GCC_C_LANGUAGE_STANDARD = gnu11;
				GCC_NO_COMMON_BLOCKS = YES;
				GCC_WARN_64_TO_32_BIT_CONVERSION = YES;
				GCC_WARN_ABOUT_RETURN_TYPE = YES_ERROR;
				GCC_WARN_UNDECLARED_SELECTOR = YES;
				GCC_WARN_UNINITIALIZED_AUTOS = YES_AGGRESSIVE;
				GCC_WARN_UNUSED_FUNCTION = YES;
				GCC_WARN_UNUSED_VARIABLE = YES;
				IPHONEOS_DEPLOYMENT_TARGET = 11.2;
				MTL_ENABLE_DEBUG_INFO = NO;
				SDKROOT = iphoneos;
				SWIFT_OPTIMIZATION_LEVEL = "-Owholemodule";
				VALIDATE_PRODUCT = YES;
			};
			name = Release;
		};
		4C16E6E020ADF1910002A0B8 /* Debug */ = {
			isa = XCBuildConfiguration;
			buildSettings = {
				ASSETCATALOG_COMPILER_APPICON_NAME = AppIcon;
				"CODE_SIGN_IDENTITY[sdk=iphoneos*]" = "iPhone Developer";
				CODE_SIGN_STYLE = Manual;
				DEVELOPMENT_TEAM = "";
				INFOPLIST_FILE = IosCLass.Qiaoyu.Liu/Info.plist;
				LD_RUNPATH_SEARCH_PATHS = "$(inherited) @executable_path/Frameworks";
				PRODUCT_BUNDLE_IDENTIFIER = "Qiaoyu.Liu.IosCLass-Qiaoyu-Liu";
				PRODUCT_NAME = MyBooks;
				PROVISIONING_PROFILE_SPECIFIER = "";
				SWIFT_VERSION = 4.0;
				TARGETED_DEVICE_FAMILY = 1;
			};
			name = Debug;
		};
		4C16E6E120ADF1910002A0B8 /* Release */ = {
			isa = XCBuildConfiguration;
			buildSettings = {
				ASSETCATALOG_COMPILER_APPICON_NAME = AppIcon;
				"CODE_SIGN_IDENTITY[sdk=iphoneos*]" = "iPhone Developer";
				CODE_SIGN_STYLE = Manual;
				DEVELOPMENT_TEAM = "";
				INFOPLIST_FILE = IosCLass.Qiaoyu.Liu/Info.plist;
				LD_RUNPATH_SEARCH_PATHS = "$(inherited) @executable_path/Frameworks";
				PRODUCT_BUNDLE_IDENTIFIER = "Qiaoyu.Liu.IosCLass-Qiaoyu-Liu";
				PRODUCT_NAME = MyBooks;
				PROVISIONING_PROFILE_SPECIFIER = "";
				SWIFT_VERSION = 4.0;
				TARGETED_DEVICE_FAMILY = 1;
			};
			name = Release;
		};
		4C16E6E320ADF1910002A0B8 /* Debug */ = {
			isa = XCBuildConfiguration;
			buildSettings = {
				ALWAYS_EMBED_SWIFT_STANDARD_LIBRARIES = YES;
				BUNDLE_LOADER = "$(TEST_HOST)";
				CODE_SIGN_STYLE = Automatic;
				INFOPLIST_FILE = IosCLass.Qiaoyu.LiuTests/Info.plist;
				LD_RUNPATH_SEARCH_PATHS = "$(inherited) @executable_path/Frameworks @loader_path/Frameworks";
				PRODUCT_BUNDLE_IDENTIFIER = "Qiaoyu.Liu.IosCLass-Qiaoyu-LiuTests";
				PRODUCT_NAME = "$(TARGET_NAME)";
				SWIFT_VERSION = 4.0;
				TARGETED_DEVICE_FAMILY = "1,2";
				TEST_HOST = "$(BUILT_PRODUCTS_DIR)/IosCLass.Qiaoyu.Liu.app/IosCLass.Qiaoyu.Liu";
			};
			name = Debug;
		};
		4C16E6E420ADF1910002A0B8 /* Release */ = {
			isa = XCBuildConfiguration;
			buildSettings = {
				ALWAYS_EMBED_SWIFT_STANDARD_LIBRARIES = YES;
				BUNDLE_LOADER = "$(TEST_HOST)";
				CODE_SIGN_STYLE = Automatic;
				INFOPLIST_FILE = IosCLass.Qiaoyu.LiuTests/Info.plist;
				LD_RUNPATH_SEARCH_PATHS = "$(inherited) @executable_path/Frameworks @loader_path/Frameworks";
				PRODUCT_BUNDLE_IDENTIFIER = "Qiaoyu.Liu.IosCLass-Qiaoyu-LiuTests";
				PRODUCT_NAME = "$(TARGET_NAME)";
				SWIFT_VERSION = 4.0;
				TARGETED_DEVICE_FAMILY = "1,2";
				TEST_HOST = "$(BUILT_PRODUCTS_DIR)/IosCLass.Qiaoyu.Liu.app/IosCLass.Qiaoyu.Liu";
			};
			name = Release;
		};
		4C16E6E620ADF1910002A0B8 /* Debug */ = {
			isa = XCBuildConfiguration;
			buildSettings = {
				ALWAYS_EMBED_SWIFT_STANDARD_LIBRARIES = YES;
				CODE_SIGN_STYLE = Automatic;
				INFOPLIST_FILE = IosCLass.Qiaoyu.LiuUITests/Info.plist;
				LD_RUNPATH_SEARCH_PATHS = "$(inherited) @executable_path/Frameworks @loader_path/Frameworks";
				PRODUCT_BUNDLE_IDENTIFIER = "Qiaoyu.Liu.IosCLass-Qiaoyu-LiuUITests";
				PRODUCT_NAME = "$(TARGET_NAME)";
				SWIFT_VERSION = 4.0;
				TARGETED_DEVICE_FAMILY = "1,2";
				TEST_TARGET_NAME = IosCLass.Qiaoyu.Liu;
			};
			name = Debug;
		};
		4C16E6E720ADF1910002A0B8 /* Release */ = {
			isa = XCBuildConfiguration;
			buildSettings = {
				ALWAYS_EMBED_SWIFT_STANDARD_LIBRARIES = YES;
				CODE_SIGN_STYLE = Automatic;
				INFOPLIST_FILE = IosCLass.Qiaoyu.LiuUITests/Info.plist;
				LD_RUNPATH_SEARCH_PATHS = "$(inherited) @executable_path/Frameworks @loader_path/Frameworks";
				PRODUCT_BUNDLE_IDENTIFIER = "Qiaoyu.Liu.IosCLass-Qiaoyu-LiuUITests";
				PRODUCT_NAME = "$(TARGET_NAME)";
				SWIFT_VERSION = 4.0;
				TARGETED_DEVICE_FAMILY = "1,2";
				TEST_TARGET_NAME = IosCLass.Qiaoyu.Liu;
			};
			name = Release;
		};
/* End XCBuildConfiguration section */

/* Begin XCConfigurationList section */
		4C16E6B220ADF1910002A0B8 /* Build configuration list for PBXProject "IosCLass.Qiaoyu.Liu" */ = {
			isa = XCConfigurationList;
			buildConfigurations = (
				4C16E6DD20ADF1910002A0B8 /* Debug */,
				4C16E6DE20ADF1910002A0B8 /* Release */,
			);
			defaultConfigurationIsVisible = 0;
			defaultConfigurationName = Release;
		};
		4C16E6DF20ADF1910002A0B8 /* Build configuration list for PBXNativeTarget "IosCLass.Qiaoyu.Liu" */ = {
			isa = XCConfigurationList;
			buildConfigurations = (
				4C16E6E020ADF1910002A0B8 /* Debug */,
				4C16E6E120ADF1910002A0B8 /* Release */,
			);
			defaultConfigurationIsVisible = 0;
			defaultConfigurationName = Release;
		};
		4C16E6E220ADF1910002A0B8 /* Build configuration list for PBXNativeTarget "IosCLass.Qiaoyu.LiuTests" */ = {
			isa = XCConfigurationList;
			buildConfigurations = (
				4C16E6E320ADF1910002A0B8 /* Debug */,
				4C16E6E420ADF1910002A0B8 /* Release */,
			);
			defaultConfigurationIsVisible = 0;
			defaultConfigurationName = Release;
		};
		4C16E6E520ADF1910002A0B8 /* Build configuration list for PBXNativeTarget "IosCLass.Qiaoyu.LiuUITests" */ = {
			isa = XCConfigurationList;
			buildConfigurations = (
				4C16E6E620ADF1910002A0B8 /* Debug */,
				4C16E6E720ADF1910002A0B8 /* Release */,
			);
			defaultConfigurationIsVisible = 0;
			defaultConfigurationName = Release;
		};
/* End XCConfigurationList section */
	};
	rootObject = 4C16E6AF20ADF1910002A0B8 /* Project object */;
}
